<?xml version="1.0" encoding="utf-8"?>
<Project ToolsVersion="4.0" xmlns="http://schemas.microsoft.com/developer/msbuild/2003">
  <ItemGroup>
    <Filter Include="Source Files">
      <UniqueIdentifier>{4FC737F1-C7A5-4376-A066-2A32D752A2FF}</UniqueIdentifier>
      <Extensions>cpp;c;cc;cxx;def;odl;idl;hpj;bat;asm;asmx</Extensions>
    </Filter>
    <Filter Include="Header Files">
      <UniqueIdentifier>{93995380-89BD-4b04-88EB-625FBE52EBFB}</UniqueIdentifier>
      <Extensions>h;hpp;hxx;hm;inl;inc;xsd</Extensions>
    </Filter>
    <Filter Include="Resource Files">
      <UniqueIdentifier>{67DA6AB6-F800-4c08-8B7A-83BB121AAD01}</UniqueIdentifier>
      <Extensions>rc;ico;cur;bmp;dlg;rc2;rct;bin;rgs;gif;jpg;jpeg;jpe;resx;tiff;tif;png;wav</Extensions>
    </Filter>
  </ItemGroup>
  <ItemGroup>
    <ClCompile Include="..\intl\autosprintf.cpp">
      <Filter>Source Files</Filter>
    </ClCompile>
    <ClCompile Include="..\encfs\base64.cpp">
      <Filter>Source Files</Filter>
    </ClCompile>
    <ClCompile Include="..\encfs\BlockFileIO.cpp">
      <Filter>Source Files</Filter>
    </ClCompile>
    <ClCompile Include="..\encfs\BlockNameIO.cpp">
      <Filter>Source Files</Filter>
    </ClCompile>
    <ClCompile Include="..\encfs\Cipher.cpp">
      <Filter>Source Files</Filter>
    </ClCompile>
    <ClCompile Include="..\encfs\CipherFileIO.cpp">
      <Filter>Source Files</Filter>
    </ClCompile>
    <ClCompile Include="..\encfs\CipherKey.cpp">
      <Filter>Source Files</Filter>
    </ClCompile>
    <ClCompile Include="..\encfs\compatwin.cpp">
      <Filter>Source Files</Filter>
    </ClCompile>
    <ClCompile Include="..\encfs\win\config.cpp">
      <Filter>Source Files</Filter>
    </ClCompile>
    <ClCompile Include="..\encfs\ConfigReader.cpp">
      <Filter>Source Files</Filter>
    </ClCompile>
    <ClCompile Include="..\encfs\ConfigVar.cpp">
      <Filter>Source Files</Filter>
    </ClCompile>
    <ClCompile Include="..\encfs\Context.cpp">
      <Filter>Source Files</Filter>
    </ClCompile>
    <ClCompile Include="..\encfs\DirNode.cpp">
      <Filter>Source Files</Filter>
    </ClCompile>
    <ClCompile Include="..\encfs\win\drives.cpp">
      <Filter>Source Files</Filter>
    </ClCompile>
    <ClCompile Include="..\encfs\encfs.cpp">
      <Filter>Source Files</Filter>
    </ClCompile>
    <ClCompile Include="..\encfs\encfsctl.cpp">
      <Filter>Source Files</Filter>
    </ClCompile>
    <ClCompile Include="..\encfs\FileIO.cpp">
      <Filter>Source Files</Filter>
    </ClCompile>
    <ClCompile Include="..\encfs\FileNode.cpp">
      <Filter>Source Files</Filter>
    </ClCompile>
    <ClCompile Include="..\encfs\FileUtils.cpp">
      <Filter>Source Files</Filter>
    </ClCompile>
    <ClCompile Include="getopt.c">
      <Filter>Source Files</Filter>
    </ClCompile>
    <ClCompile Include="getopt1.c">
      <Filter>Source Files</Filter>
    </ClCompile>
    <ClCompile Include="gettimeofday.c">
      <Filter>Source Files</Filter>
    </ClCompile>
    <ClCompile Include="..\encfs\win\guiutils.cpp">
      <Filter>Source Files</Filter>
    </ClCompile>
    <ClCompile Include="..\encfs\Interface.cpp">
      <Filter>Source Files</Filter>
    </ClCompile>
    <ClCompile Include="..\encfs\MACFileIO.cpp">
      <Filter>Source Files</Filter>
    </ClCompile>
    <ClCompile Include="..\encfs\main.cpp">
      <Filter>Source Files</Filter>
    </ClCompile>
    <ClCompile Include="..\encfs\win\maingui.cpp">
      <Filter>Source Files</Filter>
    </ClCompile>
    <ClCompile Include="..\encfs\MemoryPool.cpp">
      <Filter>Source Files</Filter>
    </ClCompile>
    <ClCompile Include="..\encfs\NameIO.cpp">
      <Filter>Source Files</Filter>
    </ClCompile>
    <ClCompile Include="..\encfs\NullCipher.cpp">
      <Filter>Source Files</Filter>
    </ClCompile>
    <ClCompile Include="..\encfs\NullNameIO.cpp">
      <Filter>Source Files</Filter>
    </ClCompile>
    <ClCompile Include="..\encfs\openssl.cpp">
      <Filter>Source Files</Filter>
    </ClCompile>
    <ClCompile Include="..\encfs\RawFileIO.cpp">
      <Filter>Source Files</Filter>
    </ClCompile>
    <ClCompile Include="..\encfs\readpassphrase.cpp">
      <Filter>Source Files</Filter>
    </ClCompile>
    <ClCompile Include="..\encfs\SSL_Cipher.cpp">
      <Filter>Source Files</Filter>
    </ClCompile>
    <ClCompile Include="..\encfs\StreamNameIO.cpp">
      <Filter>Source Files</Filter>
    </ClCompile>
    <ClCompile Include="..\encfs\win\subprocess.cpp">
      <Filter>Source Files</Filter>
    </ClCompile>
    <ClCompile Include="..\encfs\vasprintf.c">
      <Filter>Source Files</Filter>
    </ClCompile>
  </ItemGroup>
  <ItemGroup>
    <ClInclude Include="..\intl\autosprintf.h">
      <Filter>Header Files</Filter>
    </ClInclude>
    <ClInclude Include="..\encfs\base64.h">
      <Filter>Header Files</Filter>
    </ClInclude>
    <ClInclude Include="..\encfs\BlockFileIO.h">
      <Filter>Header Files</Filter>
    </ClInclude>
    <ClInclude Include="..\encfs\BlockNameIO.h">
      <Filter>Header Files</Filter>
    </ClInclude>
    <ClInclude Include="..\encfs\boost-versioning.h">
      <Filter>Header Files</Filter>
    </ClInclude>
    <ClInclude Include="..\encfs\Cipher.h">
      <Filter>Header Files</Filter>
    </ClInclude>
    <ClInclude Include="..\encfs\CipherFileIO.h">
      <Filter>Header Files</Filter>
    </ClInclude>
    <ClInclude Include="..\encfs\CipherKey.h">
      <Filter>Header Files</Filter>
    </ClInclude>
    <ClInclude Include="..\config.h">
      <Filter>Header Files</Filter>
    </ClInclude>
    <ClInclude Include="..\encfs\ConfigReader.h">
      <Filter>Header Files</Filter>
    </ClInclude>
    <ClInclude Include="..\encfs\ConfigVar.h">
      <Filter>Header Files</Filter>
    </ClInclude>
    <ClInclude Include="..\encfs\Context.h">
      <Filter>Header Files</Filter>
    </ClInclude>
    <ClInclude Include="..\encfs\DirNode.h">
      <Filter>Header Files</Filter>
    </ClInclude>
    <ClInclude Include="..\encfs\encfs.h">
      <Filter>Header Files</Filter>
    </ClInclude>
    <ClInclude Include="..\encfs\FileIO.h">
      <Filter>Header Files</Filter>
    </ClInclude>
    <ClInclude Include="..\encfs\FileNode.h">
      <Filter>Header Files</Filter>
    </ClInclude>
    <ClInclude Include="..\encfs\FileUtils.h">
      <Filter>Header Files</Filter>
    </ClInclude>
    <ClInclude Include="..\encfs\FSConfig.h">
      <Filter>Header Files</Filter>
    </ClInclude>
    <ClInclude Include="..\intl\gettext.h">
      <Filter>Header Files</Filter>
    </ClInclude>
    <ClInclude Include="..\encfs\win\guioverride.h">
      <Filter>Header Files</Filter>
    </ClInclude>
    <ClInclude Include="..\encfs\win\guiutils.h">
      <Filter>Header Files</Filter>
    </ClInclude>
    <ClInclude Include="..\encfs\i18n.h">
      <Filter>Header Files</Filter>
    </ClInclude>
    <ClInclude Include="..\encfs\Interface.h">
      <Filter>Header Files</Filter>
    </ClInclude>
    <ClInclude Include="..\encfs\MACFileIO.h">
      <Filter>Header Files</Filter>
    </ClInclude>
    <ClInclude Include="..\encfs\MemoryPool.h">
      <Filter>Header Files</Filter>
    </ClInclude>
    <ClInclude Include="..\encfs\Mutex.h">
      <Filter>Header Files</Filter>
    </ClInclude>
    <ClInclude Include="..\encfs\NameIO.h">
      <Filter>Header Files</Filter>
    </ClInclude>
    <ClInclude Include="..\encfs\NullCipher.h">
      <Filter>Header Files</Filter>
    </ClInclude>
    <ClInclude Include="..\encfs\NullNameIO.h">
      <Filter>Header Files</Filter>
    </ClInclude>
    <ClInclude Include="..\encfs\openssl.h">
      <Filter>Header Files</Filter>
    </ClInclude>
    <ClInclude Include="..\encfs\pthread.h">
      <Filter>Header Files</Filter>
    </ClInclude>
    <ClInclude Include="..\encfs\Range.h">
      <Filter>Header Files</Filter>
    </ClInclude>
    <ClInclude Include="..\encfs\RawFileIO.h">
      <Filter>Header Files</Filter>
    </ClInclude>
    <ClInclude Include="..\encfs\readpassphrase.h">
      <Filter>Header Files</Filter>
    </ClInclude>
    <ClInclude Include="..\encfs\SSL_Cipher.h">
      <Filter>Header Files</Filter>
    </ClInclude>
    <ClInclude Include="..\encfs\StreamNameIO.h">
      <Filter>Header Files</Filter>
    </ClInclude>
  </ItemGroup>
  <ItemGroup>
    <ResourceCompile Include="..\encfs\win\resource.rc">
      <Filter>Resource Files</Filter>
    </ResourceCompile>
  </ItemGroup>
</Project>